Microsoft Visual Studio Solution File, Format Version 12.00
# Visual Studio Version 17
VisualStudioVersion = 17.5.2.0
MinimumVisualStudioVersion = 10.0.40219.1
Project("{9A19103F-16F7-4668-BE54-9A1E7A4F7556}") = "Mister.Version", "Mister.Version\Mister.Version.csproj", "{D18C7204-BA1B-CE89-79EB-FC157FA8674B}"
EndProject
Project("{9A19103F-16F7-4668-BE54-9A1E7A4F7556}") = "Mister.Version.CLI", "Mister.Version.CLI\Mister.Version.CLI.csproj", "{29D6B5C8-8FC3-4753-A278-64B875B80712}"
EndProject
Project("{2150E333-8FDC-42A3-9474-1A3956D46DE8}") = "Solution Items", "Solution Items", "{07CE9FE3-92A1-44C6-95FA-0687EED12D85}"
EndProject
Project("{FAE04EC0-301F-11D3-BF4B-00C04F79EFBC}") = "Mister.Version.Core", "Mister.Version.Core\Mister.Version.Core.csproj", "{9F80F9BC-43DB-43B9-8B67-A45F4D499B89}"
EndProject
Global
	GlobalSection(SolutionConfigurationPlatforms) = preSolution
		Debug|Any CPU = Debug|Any CPU
		Release|Any CPU = Release|Any CPU
	EndGlobalSection
	GlobalSection(ProjectConfigurationPlatforms) = postSolution
		{D18C7204-BA1B-CE89-79EB-FC157FA8674B}.Debug|Any CPU.ActiveCfg = Debug|Any CPU
		{D18C7204-BA1B-CE89-79EB-FC157FA8674B}.Debug|Any CPU.Build.0 = Debug|Any CPU
		{D18C7204-BA1B-CE89-79EB-FC157FA8674B}.Release|Any CPU.ActiveCfg = Release|Any CPU
		{D18C7204-BA1B-CE89-79EB-FC157FA8674B}.Release|Any CPU.Build.0 = Release|Any CPU
		{29D6B5C8-8FC3-4753-A278-64B875B80712}.Debug|Any CPU.ActiveCfg = Debug|Any CPU
		{29D6B5C8-8FC3-4753-A278-64B875B80712}.Debug|Any CPU.Build.0 = Debug|Any CPU
		{29D6B5C8-8FC3-4753-A278-64B875B80712}.Release|Any CPU.ActiveCfg = Release|Any CPU
		{29D6B5C8-8FC3-4753-A278-64B875B80712}.Release|Any CPU.Build.0 = Release|Any CPU
		{9F80F9BC-43DB-43B9-8B67-A45F4D499B89}.Debug|Any CPU.ActiveCfg = Debug|Any CPU
		{9F80F9BC-43DB-43B9-8B67-A45F4D499B89}.Debug|Any CPU.Build.0 = Debug|Any CPU
		{9F80F9BC-43DB-43B9-8B67-A45F4D499B89}.Release|Any CPU.ActiveCfg = Release|Any CPU
		{9F80F9BC-43DB-43B9-8B67-A45F4D499B89}.Release|Any CPU.Build.0 = Release|Any CPU
	EndGlobalSection
	GlobalSection(SolutionProperties) = preSolution
		HideSolutionNode = FALSE
	EndGlobalSection
	GlobalSection(ExtensibilityGlobals) = postSolution
		SolutionGuid = {DE19AE64-576C-4387-855D-84526F8AF64A}
	EndGlobalSection
EndGlobal
