{
  "version": 1,
  "dependencies": {
    ".NETFramework,Version=v4.7.2": {
      "LibGit2Sharp": {
        "type": "Direct",
        "requested": "[0.31.0, )",
        "resolved": "0.31.0",
        "contentHash": "b3+UfV7LjKMjAHWwl7VawejiOv2gJIC6dTCA/S0puLTHACAA/Oeb5JJmWUQMeyH/T/WR/LaIK8bk2RbdFnrZvg==",
        "dependencies": {
          "LibGit2Sharp.NativeBinaries": "[2.0.323]"
        }
      },
      "LibGit2Sharp.NativeBinaries": {
        "type": "Direct",
        "requested": "[2.0.323, )",
        "resolved": "2.0.323",
        "contentHash": "Kg+fJGWhGj5qRXG0Ilj4ddhuodGXZg57yhfX6OVUDR0M2DKg/UR42/d74+qv5l1qotc1qJilo/ho7xQnULP6yA=="
      },
      "Microsoft.Build.Framework": {
        "type": "Direct",
        "requested": "[18.0.2, )",
        "resolved": "18.0.2",
        "contentHash": "sOSb+0J4G/jCBW/YqmRuL0eOMXgfw1KQLdC9TkbvfA5xs7uNm+PBQXJCOzSJGXtZcZrtXozcwxPmUiRUbmd7FA==",
        "dependencies": {
          "System.Collections.Immutable": "9.0.0",
          "System.Diagnostics.DiagnosticSource": "9.0.0",
          "System.Memory": "4.6.0",
          "System.Runtime.CompilerServices.Unsafe": "6.1.0",
          "System.Text.Json": "9.0.0",
          "System.Threading.Tasks.Extensions": "4.6.0"
        }
      },
      "Microsoft.Build.Utilities.Core": {
        "type": "Direct",
        "requested": "[18.0.2, )",
        "resolved": "18.0.2",
        "contentHash": "qsI2Mc8tbJEyg5m4oTvxlu5wY8te0TIVxObxILvrrPdeFUwH5V5UXUT2RV054b3S9msIR+7zViTWp4nRp0YGbQ==",
        "dependencies": {
          "Microsoft.Build.Framework": "18.0.2",
          "Microsoft.IO.Redist": "6.1.0",
          "Microsoft.NET.StringTools": "18.0.2",
          "System.Collections.Immutable": "9.0.0",
          "System.Configuration.ConfigurationManager": "9.0.0",
          "System.Diagnostics.DiagnosticSource": "9.0.0",
          "System.Memory": "4.6.0",
          "System.Runtime.CompilerServices.Unsafe": "6.1.0",
          "System.Text.Json": "9.0.0",
          "System.Threading.Tasks.Extensions": "4.6.0"
        }
      },
      "Microsoft.Extensions.Logging.Abstractions": {
        "type": "Direct",
        "requested": "[8.0.0, )",
        "resolved": "8.0.0",
        "contentHash": "arDBqTgFCyS0EvRV7O3MZturChstm50OJ0y9bDJvAcmEPJm0FFpFyjU/JLYyStNGGey081DvnQYlncNX5SJJGA==",
        "dependencies": {
          "Microsoft.Extensions.DependencyInjection.Abstractions": "8.0.0",
          "System.Buffers": "4.5.1",
          "System.Memory": "4.5.5"
        }
      },
      "Microsoft.NETFramework.ReferenceAssemblies": {
        "type": "Direct",
        "requested": "[1.0.3, )",
        "resolved": "1.0.3",
        "contentHash": "vUc9Npcs14QsyOD01tnv/m8sQUnGTGOw1BCmKcv77LBJY7OxhJ+zJF7UD/sCL3lYNFuqmQEVlkfS4Quif6FyYg==",
        "dependencies": {
          "Microsoft.NETFramework.ReferenceAssemblies.net472": "1.0.3"
        }
      },
      "System.Text.Json": {
        "type": "Direct",
        "requested": "[9.0.0, )",
        "resolved": "9.0.0",
        "contentHash": "js7+qAu/9mQvnhA4EfGMZNEzXtJCDxgkgj8ohuxq/Qxv+R56G+ljefhiJHOxTNiw54q8vmABCWUwkMulNdlZ4A==",
        "dependencies": {
          "Microsoft.Bcl.AsyncInterfaces": "9.0.0",
          "System.Buffers": "4.5.1",
          "System.IO.Pipelines": "9.0.0",
          "System.Memory": "4.5.5",
          "System.Runtime.CompilerServices.Unsafe": "6.0.0",
          "System.Text.Encodings.Web": "9.0.0",
          "System.Threading.Tasks.Extensions": "4.5.4",
          "System.ValueTuple": "4.5.0"
        }
      },
      "YamlDotNet": {
        "type": "Direct",
        "requested": "[13.7.1, )",
        "resolved": "13.7.1",
        "contentHash": "X4m1PnFcJwvAj1sCDMntg/eZcX96CJLrWMiYnq41KqhFVZPuw63ZTSxIGqgdCwHWHvCAyTxheELC/VDf1HsU2A=="
      },
      "Microsoft.Bcl.AsyncInterfaces": {
        "type": "Transitive",
        "resolved": "9.0.0",
        "contentHash": "owmu2Cr3IQ8yQiBleBHlGk8dSQ12oaF2e7TpzwJKEl4m84kkZJjEY1n33L67Y3zM5jPOjmmbdHjbfiL0RqcMRQ==",
        "dependencies": {
          "System.Threading.Tasks.Extensions": "4.5.4"
        }
      },
      "Microsoft.Extensions.DependencyInjection.Abstractions": {
        "type": "Transitive",
        "resolved": "8.0.0",
        "contentHash": "cjWrLkJXK0rs4zofsK4bSdg+jhDLTaxrkXu4gS6Y7MAlCvRyNNgwY/lJi5RDlQOnSZweHqoyvgvbdvQsRIW+hg==",
        "dependencies": {
          "Microsoft.Bcl.AsyncInterfaces": "8.0.0",
          "System.Threading.Tasks.Extensions": "4.5.4"
        }
      },
      "Microsoft.IO.Redist": {
        "type": "Transitive",
        "resolved": "6.1.0",
        "contentHash": "pTYqyiu9nLeCXROGjKnnYTH9v3yQNgXj3t4v7fOWwh9dgSBIwZbiSi8V76hryG2CgTjUFU+xu8BXPQ122CwAJg==",
        "dependencies": {
          "System.Buffers": "4.6.0",
          "System.Memory": "4.6.0"
        }
      },
      "Microsoft.NET.StringTools": {
        "type": "Transitive",
        "resolved": "18.0.2",
        "contentHash": "cTZw3GHkAlqZACYGeQT3niS3UfVQ8CH0O5+zUdhxstrg1Z8Q2ViXYFKjSxHmEXTX85mrOT/QnHZOeQhhSsIrkQ==",
        "dependencies": {
          "System.Memory": "4.6.0",
          "System.Runtime.CompilerServices.Unsafe": "6.1.0"
        }
      },
      "Microsoft.NETFramework.ReferenceAssemblies.net472": {
        "type": "Transitive",
        "resolved": "1.0.3",
        "contentHash": "0E7evZXHXaDYYiLRfpyXvCh+yzM2rNTyuZDI+ZO7UUqSc6GfjePiXTdqJGtgIKUwdI81tzQKmaWprnUiPj9hAw=="
      },
      "System.Buffers": {
        "type": "Transitive",
        "resolved": "4.6.0",
        "contentHash": "lN6tZi7Q46zFzAbRYXTIvfXcyvQQgxnY7Xm6C6xQ9784dEL1amjM6S6Iw4ZpsvesAKnRVsM4scrDQaDqSClkjA=="
      },
      "System.Collections.Immutable": {
        "type": "Transitive",
        "resolved": "9.0.0",
        "contentHash": "QhkXUl2gNrQtvPmtBTQHb0YsUrDiDQ2QS09YbtTTiSjGcf7NBqtYbrG/BE06zcBPCKEwQGzIv13IVdXNOSub2w==",
        "dependencies": {
          "System.Memory": "4.5.5",
          "System.Runtime.CompilerServices.Unsafe": "6.0.0"
        }
      },
      "System.Configuration.ConfigurationManager": {
        "type": "Transitive",
        "resolved": "9.0.0",
        "contentHash": "PdkuMrwDhXoKFo/JxISIi9E8L+QGn9Iquj2OKDWHB6Y/HnUOuBouF7uS3R4Hw3FoNmwwMo6hWgazQdyHIIs27A=="
      },
      "System.Diagnostics.DiagnosticSource": {
        "type": "Transitive",
        "resolved": "9.0.0",
        "contentHash": "ddppcFpnbohLWdYKr/ZeLZHmmI+DXFgZ3Snq+/E7SwcdW4UnvxmaugkwGywvGVWkHPGCSZjCP+MLzu23AL5SDw==",
        "dependencies": {
          "System.Memory": "4.5.5",
          "System.Runtime.CompilerServices.Unsafe": "6.0.0"
        }
      },
      "System.IO.Pipelines": {
        "type": "Transitive",
        "resolved": "9.0.0",
        "contentHash": "eA3cinogwaNB4jdjQHOP3Z3EuyiDII7MT35jgtnsA4vkn0LUrrSHsU0nzHTzFzmaFYeKV7MYyMxOocFzsBHpTw==",
        "dependencies": {
          "System.Buffers": "4.5.1",
          "System.Memory": "4.5.5",
          "System.Threading.Tasks.Extensions": "4.5.4"
        }
      },
      "System.Memory": {
        "type": "Transitive",
        "resolved": "4.6.0",
        "contentHash": "OEkbBQoklHngJ8UD8ez2AERSk2g+/qpAaSWWCBFbpH727HxDq5ydVkuncBaKcKfwRqXGWx64dS6G1SUScMsitg==",
        "dependencies": {
          "System.Buffers": "4.6.0",
          "System.Numerics.Vectors": "4.6.0",
          "System.Runtime.CompilerServices.Unsafe": "6.1.0"
        }
      },
      "System.Numerics.Vectors": {
        "type": "Transitive",
        "resolved": "4.6.0",
        "contentHash": "t+SoieZsRuEyiw/J+qXUbolyO219tKQQI0+2/YI+Qv7YdGValA6WiuokrNKqjrTNsy5ABWU11bdKOzUdheteXg=="
      },
      "System.Runtime.CompilerServices.Unsafe": {
        "type": "Transitive",
        "resolved": "6.1.0",
        "contentHash": "5o/HZxx6RVqYlhKSq8/zronDkALJZUT2Vz0hx43f0gwe8mwlM0y2nYlqdBwLMzr262Bwvpikeb/yEwkAa5PADg=="
      },
      "System.Text.Encodings.Web": {
        "type": "Transitive",
        "resolved": "9.0.0",
        "contentHash": "e2hMgAErLbKyUUwt18qSBf9T5Y+SFAL3ZedM8fLupkVj8Rj2PZ9oxQ37XX2LF8fTO1wNIxvKpihD7Of7D/NxZw==",
        "dependencies": {
          "System.Buffers": "4.5.1",
          "System.Memory": "4.5.5",
          "System.Runtime.CompilerServices.Unsafe": "6.0.0"
        }
      },
      "System.Threading.Tasks.Extensions": {
        "type": "Transitive",
        "resolved": "4.6.0",
        "contentHash": "I5G6Y8jb0xRtGUC9Lahy7FUvlYlnGMMkbuKAQBy8Jb7Y6Yn8OlBEiUOY0PqZ0hy6Ua8poVA1ui1tAIiXNxGdsg==",
        "dependencies": {
          "System.Runtime.CompilerServices.Unsafe": "6.1.0"
        }
      },
      "System.ValueTuple": {
        "type": "Transitive",
        "resolved": "4.5.0",
        "contentHash": "okurQJO6NRE/apDIP23ajJ0hpiNmJ+f0BwOlB/cSqTLQlw5upkf+5+96+iG2Jw40G1fCVCyPz/FhIABUjMR+RQ=="
      },
      "mister.version.core": {
        "type": "Project",
        "dependencies": {
          "LibGit2Sharp": "[0.31.0, )",
          "Microsoft.Extensions.Logging.Abstractions": "[8.0.0, )",
          "System.Text.Json": "[8.0.5, )",
          "YamlDotNet": "[13.7.1, )"
        }
      }
    },
    "net10.0": {
      "LibGit2Sharp": {
        "type": "Direct",
        "requested": "[0.31.0, )",
        "resolved": "0.31.0",
        "contentHash": "b3+UfV7LjKMjAHWwl7VawejiOv2gJIC6dTCA/S0puLTHACAA/Oeb5JJmWUQMeyH/T/WR/LaIK8bk2RbdFnrZvg==",
        "dependencies": {
          "LibGit2Sharp.NativeBinaries": "[2.0.323]"
        }
      },
      "LibGit2Sharp.NativeBinaries": {
        "type": "Direct",
        "requested": "[2.0.323, )",
        "resolved": "2.0.323",
        "contentHash": "Kg+fJGWhGj5qRXG0Ilj4ddhuodGXZg57yhfX6OVUDR0M2DKg/UR42/d74+qv5l1qotc1qJilo/ho7xQnULP6yA=="
      },
      "Microsoft.Build.Framework": {
        "type": "Direct",
        "requested": "[18.0.2, )",
        "resolved": "18.0.2",
        "contentHash": "sOSb+0J4G/jCBW/YqmRuL0eOMXgfw1KQLdC9TkbvfA5xs7uNm+PBQXJCOzSJGXtZcZrtXozcwxPmUiRUbmd7FA=="
      },
      "Microsoft.Build.Utilities.Core": {
        "type": "Direct",
        "requested": "[18.0.2, )",
        "resolved": "18.0.2",
        "contentHash": "qsI2Mc8tbJEyg5m4oTvxlu5wY8te0TIVxObxILvrrPdeFUwH5V5UXUT2RV054b3S9msIR+7zViTWp4nRp0YGbQ==",
        "dependencies": {
          "Microsoft.Build.Framework": "18.0.2",
          "Microsoft.NET.StringTools": "18.0.2",
          "System.Configuration.ConfigurationManager": "9.0.0",
          "System.Diagnostics.EventLog": "9.0.0",
          "System.Security.Cryptography.ProtectedData": "9.0.6"
        }
      },
      "Microsoft.Extensions.Logging.Abstractions": {
        "type": "Direct",
        "requested": "[8.0.0, )",
        "resolved": "8.0.0",
        "contentHash": "arDBqTgFCyS0EvRV7O3MZturChstm50OJ0y9bDJvAcmEPJm0FFpFyjU/JLYyStNGGey081DvnQYlncNX5SJJGA==",
        "dependencies": {
          "Microsoft.Extensions.DependencyInjection.Abstractions": "8.0.0"
        }
      },
      "System.Text.Json": {
        "type": "Direct",
        "requested": "[9.0.0, )",
        "resolved": "9.0.0",
        "contentHash": "js7+qAu/9mQvnhA4EfGMZNEzXtJCDxgkgj8ohuxq/Qxv+R56G+ljefhiJHOxTNiw54q8vmABCWUwkMulNdlZ4A=="
      },
      "YamlDotNet": {
        "type": "Direct",
        "requested": "[13.7.1, )",
        "resolved": "13.7.1",
        "contentHash": "X4m1PnFcJwvAj1sCDMntg/eZcX96CJLrWMiYnq41KqhFVZPuw63ZTSxIGqgdCwHWHvCAyTxheELC/VDf1HsU2A=="
      },
      "Microsoft.Extensions.DependencyInjection.Abstractions": {
        "type": "Transitive",
        "resolved": "8.0.0",
        "contentHash": "cjWrLkJXK0rs4zofsK4bSdg+jhDLTaxrkXu4gS6Y7MAlCvRyNNgwY/lJi5RDlQOnSZweHqoyvgvbdvQsRIW+hg=="
      },
      "Microsoft.NET.StringTools": {
        "type": "Transitive",
        "resolved": "18.0.2",
        "contentHash": "cTZw3GHkAlqZACYGeQT3niS3UfVQ8CH0O5+zUdhxstrg1Z8Q2ViXYFKjSxHmEXTX85mrOT/QnHZOeQhhSsIrkQ=="
      },
      "System.Configuration.ConfigurationManager": {
        "type": "Transitive",
        "resolved": "9.0.0",
        "contentHash": "PdkuMrwDhXoKFo/JxISIi9E8L+QGn9Iquj2OKDWHB6Y/HnUOuBouF7uS3R4Hw3FoNmwwMo6hWgazQdyHIIs27A==",
        "dependencies": {
          "System.Diagnostics.EventLog": "9.0.0",
          "System.Security.Cryptography.ProtectedData": "9.0.0"
        }
      },
      "System.Diagnostics.EventLog": {
        "type": "Transitive",
        "resolved": "9.0.0",
        "contentHash": "qd01+AqPhbAG14KtdtIqFk+cxHQFZ/oqRSCoxU1F+Q6Kv0cl726sl7RzU9yLFGd4BUOKdN4XojXF0pQf/R6YeA=="
      },
      "System.Security.Cryptography.ProtectedData": {
        "type": "Transitive",
        "resolved": "9.0.6",
        "contentHash": "yErfw/3pZkJE/VKza/Cm5idTpIKOy/vsmVi59Ta5SruPVtubzxb8CtnE8tyUpzs5pr0Y28GUFfSVzAhCLN3F/Q=="
      },
      "mister.version.core": {
        "type": "Project",
        "dependencies": {
          "LibGit2Sharp": "[0.31.0, )",
          "Microsoft.Extensions.Logging.Abstractions": "[8.0.0, )",
          "YamlDotNet": "[13.7.1, )"
        }
      }
    },
    "net8.0": {
      "LibGit2Sharp": {
        "type": "Direct",
        "requested": "[0.31.0, )",
        "resolved": "0.31.0",
        "contentHash": "b3+UfV7LjKMjAHWwl7VawejiOv2gJIC6dTCA/S0puLTHACAA/Oeb5JJmWUQMeyH/T/WR/LaIK8bk2RbdFnrZvg==",
        "dependencies": {
          "LibGit2Sharp.NativeBinaries": "[2.0.323]"
        }
      },
      "LibGit2Sharp.NativeBinaries": {
        "type": "Direct",
        "requested": "[2.0.323, )",
        "resolved": "2.0.323",
        "contentHash": "Kg+fJGWhGj5qRXG0Ilj4ddhuodGXZg57yhfX6OVUDR0M2DKg/UR42/d74+qv5l1qotc1qJilo/ho7xQnULP6yA=="
      },
      "Microsoft.Build.Framework": {
        "type": "Direct",
        "requested": "[18.0.2, )",
        "resolved": "18.0.2",
        "contentHash": "sOSb+0J4G/jCBW/YqmRuL0eOMXgfw1KQLdC9TkbvfA5xs7uNm+PBQXJCOzSJGXtZcZrtXozcwxPmUiRUbmd7FA=="
      },
      "Microsoft.Build.Utilities.Core": {
        "type": "Direct",
        "requested": "[18.0.2, )",
        "resolved": "18.0.2",
        "contentHash": "qsI2Mc8tbJEyg5m4oTvxlu5wY8te0TIVxObxILvrrPdeFUwH5V5UXUT2RV054b3S9msIR+7zViTWp4nRp0YGbQ==",
        "dependencies": {
          "Microsoft.Build.Framework": "18.0.2"
        }
      },
      "Microsoft.Extensions.Logging.Abstractions": {
        "type": "Direct",
        "requested": "[8.0.0, )",
        "resolved": "8.0.0",
        "contentHash": "arDBqTgFCyS0EvRV7O3MZturChstm50OJ0y9bDJvAcmEPJm0FFpFyjU/JLYyStNGGey081DvnQYlncNX5SJJGA==",
        "dependencies": {
          "Microsoft.Extensions.DependencyInjection.Abstractions": "8.0.0"
        }
      },
      "System.Text.Json": {
        "type": "Direct",
        "requested": "[9.0.0, )",
        "resolved": "9.0.0",
        "contentHash": "js7+qAu/9mQvnhA4EfGMZNEzXtJCDxgkgj8ohuxq/Qxv+R56G+ljefhiJHOxTNiw54q8vmABCWUwkMulNdlZ4A==",
        "dependencies": {
          "System.IO.Pipelines": "9.0.0",
          "System.Text.Encodings.Web": "9.0.0"
        }
      },
      "YamlDotNet": {
        "type": "Direct",
        "requested": "[13.7.1, )",
        "resolved": "13.7.1",
        "contentHash": "X4m1PnFcJwvAj1sCDMntg/eZcX96CJLrWMiYnq41KqhFVZPuw63ZTSxIGqgdCwHWHvCAyTxheELC/VDf1HsU2A=="
      },
      "Microsoft.Extensions.DependencyInjection.Abstractions": {
        "type": "Transitive",
        "resolved": "8.0.0",
        "contentHash": "cjWrLkJXK0rs4zofsK4bSdg+jhDLTaxrkXu4gS6Y7MAlCvRyNNgwY/lJi5RDlQOnSZweHqoyvgvbdvQsRIW+hg=="
      },
      "System.IO.Pipelines": {
        "type": "Transitive",
        "resolved": "9.0.0",
        "contentHash": "eA3cinogwaNB4jdjQHOP3Z3EuyiDII7MT35jgtnsA4vkn0LUrrSHsU0nzHTzFzmaFYeKV7MYyMxOocFzsBHpTw=="
      },
      "System.Text.Encodings.Web": {
        "type": "Transitive",
        "resolved": "9.0.0",
        "contentHash": "e2hMgAErLbKyUUwt18qSBf9T5Y+SFAL3ZedM8fLupkVj8Rj2PZ9oxQ37XX2LF8fTO1wNIxvKpihD7Of7D/NxZw=="
      },
      "mister.version.core": {
        "type": "Project",
        "dependencies": {
          "LibGit2Sharp": "[0.31.0, )",
          "Microsoft.Extensions.Logging.Abstractions": "[8.0.0, )",
          "YamlDotNet": "[13.7.1, )"
        }
      }
    },
    "net9.0": {
      "LibGit2Sharp": {
        "type": "Direct",
        "requested": "[0.31.0, )",
        "resolved": "0.31.0",
        "contentHash": "b3+UfV7LjKMjAHWwl7VawejiOv2gJIC6dTCA/S0puLTHACAA/Oeb5JJmWUQMeyH/T/WR/LaIK8bk2RbdFnrZvg==",
        "dependencies": {
          "LibGit2Sharp.NativeBinaries": "[2.0.323]"
        }
      },
      "LibGit2Sharp.NativeBinaries": {
        "type": "Direct",
        "requested": "[2.0.323, )",
        "resolved": "2.0.323",
        "contentHash": "Kg+fJGWhGj5qRXG0Ilj4ddhuodGXZg57yhfX6OVUDR0M2DKg/UR42/d74+qv5l1qotc1qJilo/ho7xQnULP6yA=="
      },
      "Microsoft.Build.Framework": {
        "type": "Direct",
        "requested": "[18.0.2, )",
        "resolved": "18.0.2",
        "contentHash": "sOSb+0J4G/jCBW/YqmRuL0eOMXgfw1KQLdC9TkbvfA5xs7uNm+PBQXJCOzSJGXtZcZrtXozcwxPmUiRUbmd7FA=="
      },
      "Microsoft.Build.Utilities.Core": {
        "type": "Direct",
        "requested": "[18.0.2, )",
        "resolved": "18.0.2",
        "contentHash": "qsI2Mc8tbJEyg5m4oTvxlu5wY8te0TIVxObxILvrrPdeFUwH5V5UXUT2RV054b3S9msIR+7zViTWp4nRp0YGbQ==",
        "dependencies": {
          "Microsoft.Build.Framework": "18.0.2"
        }
      },
      "Microsoft.Extensions.Logging.Abstractions": {
        "type": "Direct",
        "requested": "[8.0.0, )",
        "resolved": "8.0.0",
        "contentHash": "arDBqTgFCyS0EvRV7O3MZturChstm50OJ0y9bDJvAcmEPJm0FFpFyjU/JLYyStNGGey081DvnQYlncNX5SJJGA==",
        "dependencies": {
          "Microsoft.Extensions.DependencyInjection.Abstractions": "8.0.0"
        }
      },
      "System.Text.Json": {
        "type": "Direct",
        "requested": "[9.0.0, )",
        "resolved": "9.0.0",
        "contentHash": "js7+qAu/9mQvnhA4EfGMZNEzXtJCDxgkgj8ohuxq/Qxv+R56G+ljefhiJHOxTNiw54q8vmABCWUwkMulNdlZ4A=="
      },
      "YamlDotNet": {
        "type": "Direct",
        "requested": "[13.7.1, )",
        "resolved": "13.7.1",
        "contentHash": "X4m1PnFcJwvAj1sCDMntg/eZcX96CJLrWMiYnq41KqhFVZPuw63ZTSxIGqgdCwHWHvCAyTxheELC/VDf1HsU2A=="
      },
      "Microsoft.Extensions.DependencyInjection.Abstractions": {
        "type": "Transitive",
        "resolved": "8.0.0",
        "contentHash": "cjWrLkJXK0rs4zofsK4bSdg+jhDLTaxrkXu4gS6Y7MAlCvRyNNgwY/lJi5RDlQOnSZweHqoyvgvbdvQsRIW+hg=="
      },
      "mister.version.core": {
        "type": "Project",
        "dependencies": {
          "LibGit2Sharp": "[0.31.0, )",
          "Microsoft.Extensions.Logging.Abstractions": "[8.0.0, )",
          "YamlDotNet": "[13.7.1, )"
        }
      }
    }
  }
}